
Microsoft Visual Studio Solution File, Format Version 12.00
# Visual Studio Version 16
VisualStudioVersion = 16.0.32228.343
MinimumVisualStudioVersion = 10.0.40219.1
Project("{FAE04EC0-301F-11D3-BF4B-00C04F79EFBC}") = "BilgeSoft", "BilgeSoft\BilgeSoft.csproj", "{AE3C32EA-86D7-4651-AA63-0A4FFDF06460}"
EndProject
Project("{54435603-DBB4-11D2-8724-00A0C9A8B90C}") = "BilgeSoftSetup", "BilgeSoftSetup\BilgeSoftSetup.vdproj", "{7647094C-BCF2-4C3E-BAC8-75E98A21CF46}"
EndProject
Project("{FAE04EC0-301F-11D3-BF4B-00C04F79EFBC}") = "Lisans", "Lisans\Lisans.csproj", "{46BBBABA-9B6B-4A2F-B61E-4F1BF7094734}"
EndProject
Global
	GlobalSection(SolutionConfigurationPlatforms) = preSolution
		Debug|Any CPU = Debug|Any CPU
		Release|Any CPU = Release|Any CPU
	EndGlobalSection
	GlobalSection(ProjectConfigurationPlatforms) = postSolution
		{AE3C32EA-86D7-4651-AA63-0A4FFDF06460}.Debug|Any CPU.ActiveCfg = Debug|Any CPU
		{AE3C32EA-86D7-4651-AA63-0A4FFDF06460}.Debug|Any CPU.Build.0 = Debug|Any CPU
		{AE3C32EA-86D7-4651-AA63-0A4FFDF06460}.Release|Any CPU.ActiveCfg = Release|Any CPU
		{AE3C32EA-86D7-4651-AA63-0A4FFDF06460}.Release|Any CPU.Build.0 = Release|Any CPU
		{7647094C-BCF2-4C3E-BAC8-75E98A21CF46}.Debug|Any CPU.ActiveCfg = Debug
		{7647094C-BCF2-4C3E-BAC8-75E98A21CF46}.Release|Any CPU.ActiveCfg = Release
		{46BBBABA-9B6B-4A2F-B61E-4F1BF7094734}.Debug|Any CPU.ActiveCfg = Debug|Any CPU
		{46BBBABA-9B6B-4A2F-B61E-4F1BF7094734}.Debug|Any CPU.Build.0 = Debug|Any CPU
		{46BBBABA-9B6B-4A2F-B61E-4F1BF7094734}.Release|Any CPU.ActiveCfg = Release|Any CPU
		{46BBBABA-9B6B-4A2F-B61E-4F1BF7094734}.Release|Any CPU.Build.0 = Release|Any CPU
	EndGlobalSection
	GlobalSection(SolutionProperties) = preSolution
		HideSolutionNode = FALSE
	EndGlobalSection
	GlobalSection(ExtensibilityGlobals) = postSolution
		SolutionGuid = {543534AC-AB31-4199-83AB-D82F66F0F144}
	EndGlobalSection
EndGlobal
